{
  "name": "linq-network-events",
  "version": "0.0.1",
  "lockfileVersion": 1,
  "requires": true,
  "dependencies": {
    "@altronix/linq-network-js": {
      "version": "file:../../../..",
      "requires": {
        "@types/node": "^13.1.1",
        "bindings": "^1.5.0",
        "cmake-js": "^6.0.0",
        "nan": "^2.14.0",
        "node-addon-api": "^2.0.0",
        "typescript": "^3.7.4"
      }
    }
  }
}
